
Microsoft Visual Studio Solution File, Format Version 12.00
# Visual Studio Version 17
VisualStudioVersion = 17.3.32825.248
MinimumVisualStudioVersion = 10.0.40219.1
Project("{FAE04EC0-301F-11D3-BF4B-00C04F79EFBC}") = "Activity 7 - approximate pi", "Activity 7 - approximate pi\Activity 7 - approximate pi.csproj", "{C2ACB064-DCF0-47FF-80DA-10A2AADD287F}"
EndProject
Global
	GlobalSection(SolutionConfigurationPlatforms) = preSolution
		Debug|Any CPU = Debug|Any CPU
		Release|Any CPU = Release|Any CPU
	EndGlobalSection
	GlobalSection(ProjectConfigurationPlatforms) = postSolution
		{C2ACB064-DCF0-47FF-80DA-10A2AADD287F}.Debug|Any CPU.ActiveCfg = Debug|Any CPU
		{C2ACB064-DCF0-47FF-80DA-10A2AADD287F}.Debug|Any CPU.Build.0 = Debug|Any CPU
		{C2ACB064-DCF0-47FF-80DA-10A2AADD287F}.Release|Any CPU.ActiveCfg = Release|Any CPU
		{C2ACB064-DCF0-47FF-80DA-10A2AADD287F}.Release|Any CPU.Build.0 = Release|Any CPU
	EndGlobalSection
	GlobalSection(SolutionProperties) = preSolution
		HideSolutionNode = FALSE
	EndGlobalSection
	GlobalSection(ExtensibilityGlobals) = postSolution
		SolutionGuid = {C97E0D34-EF97-4577-B8EF-EA097122E59E}
	EndGlobalSection
EndGlobal
